
Microsoft Visual Studio Solution File, Format Version 12.00
# Visual Studio Version 17
VisualStudioVersion = 17.3.32929.385
MinimumVisualStudioVersion = 10.0.40219.1
Project("{9A19103F-16F7-4668-BE54-9A1E7A4F7556}") = "FirstStepsInCoding", "FirstStepsInCoding\FirstStepsInCoding.csproj", "{E4D6AE91-4499-4C6B-8441-EE12E9EA0A96}"
EndProject
Project("{9A19103F-16F7-4668-BE54-9A1E7A4F7556}") = "Nums1To10", "Nums1To10\Nums1To10.csproj", "{80258171-3FDA-4421-A498-71A62C1BBD50}"
EndProject
Project("{9A19103F-16F7-4668-BE54-9A1E7A4F7556}") = "RectangleArea", "RectangleArea\RectangleArea.csproj", "{F207F73B-CDC7-4327-A452-CD418906F839}"
EndProject
Project("{9A19103F-16F7-4668-BE54-9A1E7A4F7556}") = "IncToCM", "IncToCM\IncToCM.csproj", "{0CA23DAB-0B82-4F37-97CF-3AE241F414CD}"
EndProject
Project("{9A19103F-16F7-4668-BE54-9A1E7A4F7556}") = "GreetingByName", "GreetingByName\GreetingByName.csproj", "{0008F201-1728-4D42-BEA5-2B4CCB133883}"
EndProject
Project("{9A19103F-16F7-4668-BE54-9A1E7A4F7556}") = "ConcatenateData", "ConcatenateData\ConcatenateData.csproj", "{A1AE05D5-6545-454B-9102-CF7F82040611}"
EndProject
Project("{9A19103F-16F7-4668-BE54-9A1E7A4F7556}") = "RadToGrad", "RadToGrad\RadToGrad.csproj", "{3052DF2D-423C-4A47-A6F6-95B44FF271AF}"
EndProject
Project("{9A19103F-16F7-4668-BE54-9A1E7A4F7556}") = "DepositCalculator", "DepositCalculator\DepositCalculator.csproj", "{EEF7F547-5EBA-403D-9577-FAC95EC2BE71}"
EndProject
Project("{9A19103F-16F7-4668-BE54-9A1E7A4F7556}") = "Excellent!", "Excellent!\Excellent!.csproj", "{0C580EE1-422B-4FB8-B189-461F79610EBE}"
EndProject
Project("{9A19103F-16F7-4668-BE54-9A1E7A4F7556}") = "GreaterNumber", "GreaterNumber\GreaterNumber.csproj", "{1E4C7D9B-E9B3-4E09-84A1-9F143B20D94C}"
EndProject
Project("{9A19103F-16F7-4668-BE54-9A1E7A4F7556}") = "EvenOdd", "EvenOdd\EvenOdd.csproj", "{001CDA9B-FEE6-49FD-972A-C63EB142C124}"
EndProject
Project("{9A19103F-16F7-4668-BE54-9A1E7A4F7556}") = "PasswordGuess", "PasswordGuess\PasswordGuess.csproj", "{CC0E334C-E962-42A8-B022-6269601E7E49}"
EndProject
Project("{2150E333-8FDC-42A3-9474-1A3956D46DE8}") = "Solution Items", "Solution Items", "{B66D2219-334E-4274-8A2C-E2FF2DD8EA0D}"
	ProjectSection(SolutionItems) = preProject
		index.html = index.html
		Lists.html = Lists.html
		Script1.js = Script1.js
		Objects.js = Objects.js
	EndProjectSection
EndProject
Project("{FAE04EC0-301F-11D3-BF4B-00C04F79EFBC}") = "SpeedInformation", "SpeedInformation\SpeedInformation.csproj", "{BE090F3B-C0D3-479B-BCF7-6EABD1CA9AA7}"
EndProject
Project("{2150E333-8FDC-42A3-9474-1A3956D46DE8}") = "Loops", "Loops", "{68F97825-796E-4740-9B9A-82434A5D3C43}"
EndProject
Project("{FAE04EC0-301F-11D3-BF4B-00C04F79EFBC}") = "ForLoops", "ForLoops\ForLoops.csproj", "{27BDDB2A-556C-4245-A828-6220C5EC751C}"
EndProject
Project("{FAE04EC0-301F-11D3-BF4B-00C04F79EFBC}") = "While", "While\While.csproj", "{829AF7A4-E5EA-4471-9CF8-91F45C69BC0E}"
EndProject
Global
	GlobalSection(SolutionConfigurationPlatforms) = preSolution
		Debug|Any CPU = Debug|Any CPU
		Release|Any CPU = Release|Any CPU
	EndGlobalSection
	GlobalSection(ProjectConfigurationPlatforms) = postSolution
		{E4D6AE91-4499-4C6B-8441-EE12E9EA0A96}.Debug|Any CPU.ActiveCfg = Debug|Any CPU
		{E4D6AE91-4499-4C6B-8441-EE12E9EA0A96}.Debug|Any CPU.Build.0 = Debug|Any CPU
		{E4D6AE91-4499-4C6B-8441-EE12E9EA0A96}.Release|Any CPU.ActiveCfg = Release|Any CPU
		{E4D6AE91-4499-4C6B-8441-EE12E9EA0A96}.Release|Any CPU.Build.0 = Release|Any CPU
		{80258171-3FDA-4421-A498-71A62C1BBD50}.Debug|Any CPU.ActiveCfg = Debug|Any CPU
		{80258171-3FDA-4421-A498-71A62C1BBD50}.Debug|Any CPU.Build.0 = Debug|Any CPU
		{80258171-3FDA-4421-A498-71A62C1BBD50}.Release|Any CPU.ActiveCfg = Release|Any CPU
		{80258171-3FDA-4421-A498-71A62C1BBD50}.Release|Any CPU.Build.0 = Release|Any CPU
		{F207F73B-CDC7-4327-A452-CD418906F839}.Debug|Any CPU.ActiveCfg = Debug|Any CPU
		{F207F73B-CDC7-4327-A452-CD418906F839}.Debug|Any CPU.Build.0 = Debug|Any CPU
		{F207F73B-CDC7-4327-A452-CD418906F839}.Release|Any CPU.ActiveCfg = Release|Any CPU
		{F207F73B-CDC7-4327-A452-CD418906F839}.Release|Any CPU.Build.0 = Release|Any CPU
		{0CA23DAB-0B82-4F37-97CF-3AE241F414CD}.Debug|Any CPU.ActiveCfg = Debug|Any CPU
		{0CA23DAB-0B82-4F37-97CF-3AE241F414CD}.Debug|Any CPU.Build.0 = Debug|Any CPU
		{0CA23DAB-0B82-4F37-97CF-3AE241F414CD}.Release|Any CPU.ActiveCfg = Release|Any CPU
		{0CA23DAB-0B82-4F37-97CF-3AE241F414CD}.Release|Any CPU.Build.0 = Release|Any CPU
		{0008F201-1728-4D42-BEA5-2B4CCB133883}.Debug|Any CPU.ActiveCfg = Debug|Any CPU
		{0008F201-1728-4D42-BEA5-2B4CCB133883}.Debug|Any CPU.Build.0 = Debug|Any CPU
		{0008F201-1728-4D42-BEA5-2B4CCB133883}.Release|Any CPU.ActiveCfg = Release|Any CPU
		{0008F201-1728-4D42-BEA5-2B4CCB133883}.Release|Any CPU.Build.0 = Release|Any CPU
		{A1AE05D5-6545-454B-9102-CF7F82040611}.Debug|Any CPU.ActiveCfg = Debug|Any CPU
		{A1AE05D5-6545-454B-9102-CF7F82040611}.Debug|Any CPU.Build.0 = Debug|Any CPU
		{A1AE05D5-6545-454B-9102-CF7F82040611}.Release|Any CPU.ActiveCfg = Release|Any CPU
		{A1AE05D5-6545-454B-9102-CF7F82040611}.Release|Any CPU.Build.0 = Release|Any CPU
		{3052DF2D-423C-4A47-A6F6-95B44FF271AF}.Debug|Any CPU.ActiveCfg = Debug|Any CPU
		{3052DF2D-423C-4A47-A6F6-95B44FF271AF}.Debug|Any CPU.Build.0 = Debug|Any CPU
		{3052DF2D-423C-4A47-A6F6-95B44FF271AF}.Release|Any CPU.ActiveCfg = Release|Any CPU
		{3052DF2D-423C-4A47-A6F6-95B44FF271AF}.Release|Any CPU.Build.0 = Release|Any CPU
		{EEF7F547-5EBA-403D-9577-FAC95EC2BE71}.Debug|Any CPU.ActiveCfg = Debug|Any CPU
		{EEF7F547-5EBA-403D-9577-FAC95EC2BE71}.Debug|Any CPU.Build.0 = Debug|Any CPU
		{EEF7F547-5EBA-403D-9577-FAC95EC2BE71}.Release|Any CPU.ActiveCfg = Release|Any CPU
		{EEF7F547-5EBA-403D-9577-FAC95EC2BE71}.Release|Any CPU.Build.0 = Release|Any CPU
		{0C580EE1-422B-4FB8-B189-461F79610EBE}.Debug|Any CPU.ActiveCfg = Debug|Any CPU
		{0C580EE1-422B-4FB8-B189-461F79610EBE}.Debug|Any CPU.Build.0 = Debug|Any CPU
		{0C580EE1-422B-4FB8-B189-461F79610EBE}.Release|Any CPU.ActiveCfg = Release|Any CPU
		{0C580EE1-422B-4FB8-B189-461F79610EBE}.Release|Any CPU.Build.0 = Release|Any CPU
		{1E4C7D9B-E9B3-4E09-84A1-9F143B20D94C}.Debug|Any CPU.ActiveCfg = Debug|Any CPU
		{1E4C7D9B-E9B3-4E09-84A1-9F143B20D94C}.Debug|Any CPU.Build.0 = Debug|Any CPU
		{1E4C7D9B-E9B3-4E09-84A1-9F143B20D94C}.Release|Any CPU.ActiveCfg = Release|Any CPU
		{1E4C7D9B-E9B3-4E09-84A1-9F143B20D94C}.Release|Any CPU.Build.0 = Release|Any CPU
		{001CDA9B-FEE6-49FD-972A-C63EB142C124}.Debug|Any CPU.ActiveCfg = Debug|Any CPU
		{001CDA9B-FEE6-49FD-972A-C63EB142C124}.Debug|Any CPU.Build.0 = Debug|Any CPU
		{001CDA9B-FEE6-49FD-972A-C63EB142C124}.Release|Any CPU.ActiveCfg = Release|Any CPU
		{001CDA9B-FEE6-49FD-972A-C63EB142C124}.Release|Any CPU.Build.0 = Release|Any CPU
		{CC0E334C-E962-42A8-B022-6269601E7E49}.Debug|Any CPU.ActiveCfg = Debug|Any CPU
		{CC0E334C-E962-42A8-B022-6269601E7E49}.Debug|Any CPU.Build.0 = Debug|Any CPU
		{CC0E334C-E962-42A8-B022-6269601E7E49}.Release|Any CPU.ActiveCfg = Release|Any CPU
		{CC0E334C-E962-42A8-B022-6269601E7E49}.Release|Any CPU.Build.0 = Release|Any CPU
		{BE090F3B-C0D3-479B-BCF7-6EABD1CA9AA7}.Debug|Any CPU.ActiveCfg = Debug|Any CPU
		{BE090F3B-C0D3-479B-BCF7-6EABD1CA9AA7}.Debug|Any CPU.Build.0 = Debug|Any CPU
		{BE090F3B-C0D3-479B-BCF7-6EABD1CA9AA7}.Release|Any CPU.ActiveCfg = Release|Any CPU
		{BE090F3B-C0D3-479B-BCF7-6EABD1CA9AA7}.Release|Any CPU.Build.0 = Release|Any CPU
		{27BDDB2A-556C-4245-A828-6220C5EC751C}.Debug|Any CPU.ActiveCfg = Debug|Any CPU
		{27BDDB2A-556C-4245-A828-6220C5EC751C}.Debug|Any CPU.Build.0 = Debug|Any CPU
		{27BDDB2A-556C-4245-A828-6220C5EC751C}.Release|Any CPU.ActiveCfg = Release|Any CPU
		{27BDDB2A-556C-4245-A828-6220C5EC751C}.Release|Any CPU.Build.0 = Release|Any CPU
		{829AF7A4-E5EA-4471-9CF8-91F45C69BC0E}.Debug|Any CPU.ActiveCfg = Debug|Any CPU
		{829AF7A4-E5EA-4471-9CF8-91F45C69BC0E}.Debug|Any CPU.Build.0 = Debug|Any CPU
		{829AF7A4-E5EA-4471-9CF8-91F45C69BC0E}.Release|Any CPU.ActiveCfg = Release|Any CPU
		{829AF7A4-E5EA-4471-9CF8-91F45C69BC0E}.Release|Any CPU.Build.0 = Release|Any CPU
	EndGlobalSection
	GlobalSection(SolutionProperties) = preSolution
		HideSolutionNode = FALSE
	EndGlobalSection
	GlobalSection(NestedProjects) = preSolution
		{27BDDB2A-556C-4245-A828-6220C5EC751C} = {68F97825-796E-4740-9B9A-82434A5D3C43}
		{829AF7A4-E5EA-4471-9CF8-91F45C69BC0E} = {68F97825-796E-4740-9B9A-82434A5D3C43}
	EndGlobalSection
	GlobalSection(ExtensibilityGlobals) = postSolution
		SolutionGuid = {09BC8704-9051-410D-B323-752AADC50366}
	EndGlobalSection
EndGlobal
